
Microsoft Visual Studio Solution File, Format Version 12.00
# Visual Studio Version 17
VisualStudioVersion = 17.5.33516.290
MinimumVisualStudioVersion = 10.0.40219.1
Project("{FAE04EC0-301F-11D3-BF4B-00C04F79EFBC}") = "Pizza_Management_System_API", "Pizza_Management_System_API\Pizza_Management_System_API.csproj", "{838F8CF1-2612-4CD7-8133-1C4931B1E4DB}"
EndProject
Global
	GlobalSection(SolutionConfigurationPlatforms) = preSolution
		Debug|Any CPU = Debug|Any CPU
		Release|Any CPU = Release|Any CPU
	EndGlobalSection
	GlobalSection(ProjectConfigurationPlatforms) = postSolution
		{838F8CF1-2612-4CD7-8133-1C4931B1E4DB}.Debug|Any CPU.ActiveCfg = Debug|Any CPU
		{838F8CF1-2612-4CD7-8133-1C4931B1E4DB}.Debug|Any CPU.Build.0 = Debug|Any CPU
		{838F8CF1-2612-4CD7-8133-1C4931B1E4DB}.Release|Any CPU.ActiveCfg = Release|Any CPU
		{838F8CF1-2612-4CD7-8133-1C4931B1E4DB}.Release|Any CPU.Build.0 = Release|Any CPU
	EndGlobalSection
	GlobalSection(SolutionProperties) = preSolution
		HideSolutionNode = FALSE
	EndGlobalSection
	GlobalSection(ExtensibilityGlobals) = postSolution
		SolutionGuid = {AD28F717-4597-43F3-8DF8-452387A199C7}
	EndGlobalSection
EndGlobal
